<Solution>
  <Folder Name="/src/">
    <Project Path="src/PropertyManagement.Domain/PropertyManagement.Domain.csproj" />
    <Project Path="src/PropertyManagement.Infrastructure/PropertyManagement.Infrastructure.csproj" />
    <Project Path="src/PropertyManagement.Web/PropertyManagement.Web.csproj" />
  </Folder>
  <Folder Name="/tests/">
    <Project Path="tests/PropertyManagement.Domain.Tests/PropertyManagement.Domain.Tests.csproj" />
  </Folder>
</Solution>
